
Microsoft Visual Studio Solution File, Format Version 12.00
# Visual Studio Version 17
VisualStudioVersion = 17.8.34309.116
MinimumVisualStudioVersion = 10.0.40219.1
Project("{FAE04EC0-301F-11D3-BF4B-00C04F79EFBC}") = "BinarySearch", "BinarySearch.csproj", "{2AB395D6-0F86-4993-B958-3B0E45B4F654}"
EndProject
Global
	GlobalSection(SolutionConfigurationPlatforms) = preSolution
		Debug|Any CPU = Debug|Any CPU
		Release|Any CPU = Release|Any CPU
	EndGlobalSection
	GlobalSection(ProjectConfigurationPlatforms) = postSolution
		{2AB395D6-0F86-4993-B958-3B0E45B4F654}.Debug|Any CPU.ActiveCfg = Debug|Any CPU
		{2AB395D6-0F86-4993-B958-3B0E45B4F654}.Debug|Any CPU.Build.0 = Debug|Any CPU
		{2AB395D6-0F86-4993-B958-3B0E45B4F654}.Release|Any CPU.ActiveCfg = Release|Any CPU
		{2AB395D6-0F86-4993-B958-3B0E45B4F654}.Release|Any CPU.Build.0 = Release|Any CPU
	EndGlobalSection
	GlobalSection(SolutionProperties) = preSolution
		HideSolutionNode = FALSE
	EndGlobalSection
	GlobalSection(ExtensibilityGlobals) = postSolution
		SolutionGuid = {4DDAFE39-8825-4317-9F4D-8A243C4AF973}
	EndGlobalSection
EndGlobal
